lockfileVersion: 5.4

specifiers:
  '@open-wc/testing-helpers': 1.8.12
  lit: 2.0.0-rc.2

dependencies:
  '@open-wc/testing-helpers': registry.npmjs.org/@open-wc/testing-helpers/1.8.12
  lit: registry.npmjs.org/lit/2.0.0-rc.2

dependenciesMeta: {}

packages:

  registry.npmjs.org/@lit-labs/ssr-dom-shim/1.0.0:
    resolution: {integrity: sha512-ic93MBXfApIFTrup4a70M/+ddD8xdt2zxxj9sRwHQzhS9ag/syqkD8JPdTXsc1gUy2K8TTirhlCqyTEM/sifNw==, registry: https://node.bit.dev/, tarball: https://registry.npmjs.org/@lit-labs/ssr-dom-shim/-/ssr-dom-shim-1.0.0.tgz}
    name: '@lit-labs/ssr-dom-shim'
    version: 1.0.0
    dev: false

  registry.npmjs.org/@lit/reactive-element/1.6.1:
    resolution: {integrity: sha512-va15kYZr7KZNNPZdxONGQzpUr+4sxVu7V/VG7a8mRfPPXUyhEYj5RzXCQmGrlP3tAh0L3HHm5AjBMFYRqlM9SA==, registry: https://node.bit.dev/, tarball: https://registry.npmjs.org/@lit/reactive-element/-/reactive-element-1.6.1.tgz}
    name: '@lit/reactive-element'
    version: 1.6.1
    dependencies:
      '@lit-labs/ssr-dom-shim': registry.npmjs.org/@lit-labs/ssr-dom-shim/1.0.0
    dev: false

  registry.npmjs.org/@open-wc/dedupe-mixin/1.3.1:
    resolution: {integrity: sha512-ukowSvzpZQDUH0Y3znJTsY88HkiGk3Khc0WGpIPhap1xlerieYi27QBg6wx/nTurpWfU6XXXsx9ocxDYCdtw0Q==, registry: https://node.bit.dev/, tarball: https://registry.npmjs.org/@open-wc/dedupe-mixin/-/dedupe-mixin-1.3.1.tgz}
    name: '@open-wc/dedupe-mixin'
    version: 1.3.1
    dev: false

  registry.npmjs.org/@open-wc/scoped-elements/1.3.5:
    resolution: {integrity: sha512-8eIwExOIiPfMwoNkP4tCEISgLaDyKWt7kid0MFk/v2yw64b61KtO+A0b4zUfPILqSjBDlV4/DDjHtttVVz73Hg==, registry: https://node.bit.dev/, tarball: https://registry.npmjs.org/@open-wc/scoped-elements/-/scoped-elements-1.3.5.tgz}
    name: '@open-wc/scoped-elements'
    version: 1.3.5
    dependencies:
      '@open-wc/dedupe-mixin': registry.npmjs.org/@open-wc/dedupe-mixin/1.3.1
      lit-html: registry.npmjs.org/lit-html/1.4.1
    dev: false

  registry.npmjs.org/@open-wc/testing-helpers/1.8.12:
    resolution: {integrity: sha512-+4exEHYvnFqI1RGDDIKFHPZ7Ws5NK1epvEku3zLaOYN3zc+huX19SndNc5+X++v8A+quN/iXbHlh80ROyNaYDA==, registry: https://node.bit.dev/, tarball: https://registry.npmjs.org/@open-wc/testing-helpers/-/testing-helpers-1.8.12.tgz}
    name: '@open-wc/testing-helpers'
    version: 1.8.12
    dependencies:
      '@open-wc/scoped-elements': registry.npmjs.org/@open-wc/scoped-elements/1.3.5
      lit-element: registry.npmjs.org/lit-element/2.5.1
      lit-html: registry.npmjs.org/lit-html/1.4.1
    dev: false

  registry.npmjs.org/@types/trusted-types/2.0.3:
    resolution: {integrity: sha512-NfQ4gyz38SL8sDNrSixxU2Os1a5xcdFxipAFxYEuLUlvU2uDwS4NUpsImcf1//SlWItCVMMLiylsxbmNMToV/g==, registry: https://node.bit.dev/, tarball: https://registry.npmjs.org/@types/trusted-types/-/trusted-types-2.0.3.tgz}
    name: '@types/trusted-types'
    version: 2.0.3
    dev: false

  registry.npmjs.org/lit-element/2.5.1:
    resolution: {integrity: sha512-ogu7PiJTA33bEK0xGu1dmaX5vhcRjBXCFexPja0e7P7jqLhTpNKYRPmE+GmiCaRVAbiQKGkUgkh/i6+bh++dPQ==, registry: https://node.bit.dev/, tarball: https://registry.npmjs.org/lit-element/-/lit-element-2.5.1.tgz}
    name: lit-element
    version: 2.5.1
    dependencies:
      lit-html: registry.npmjs.org/lit-html/1.4.1
    dev: false

  registry.npmjs.org/lit-element/3.2.2:
    resolution: {integrity: sha512-6ZgxBR9KNroqKb6+htkyBwD90XGRiqKDHVrW/Eh0EZ+l+iC+u+v+w3/BA5NGi4nizAVHGYvQBHUDuSmLjPp7NQ==, registry: https://node.bit.dev/, tarball: https://registry.npmjs.org/lit-element/-/lit-element-3.2.2.tgz}
    name: lit-element
    version: 3.2.2
    dependencies:
      '@lit/reactive-element': registry.npmjs.org/@lit/reactive-element/1.6.1
      lit-html: registry.npmjs.org/lit-html/2.6.1
    dev: false

  registry.npmjs.org/lit-html/1.4.1:
    resolution: {integrity: sha512-B9btcSgPYb1q4oSOb/PrOT6Z/H+r6xuNzfH4lFli/AWhYwdtrgQkQWBbIc6mdnf6E2IL3gDXdkkqNktpU0OZQA==, registry: https://node.bit.dev/, tarball: https://registry.npmjs.org/lit-html/-/lit-html-1.4.1.tgz}
    name: lit-html
    version: 1.4.1
    dev: false

  registry.npmjs.org/lit-html/2.6.1:
    resolution: {integrity: sha512-Z3iw+E+3KKFn9t2YKNjsXNEu/LRLI98mtH/C6lnFg7kvaqPIzPn124Yd4eT/43lyqrejpc5Wb6BHq3fdv4S8Rw==, registry: https://node.bit.dev/, tarball: https://registry.npmjs.org/lit-html/-/lit-html-2.6.1.tgz}
    name: lit-html
    version: 2.6.1
    dependencies:
      '@types/trusted-types': registry.npmjs.org/@types/trusted-types/2.0.3
    dev: false

  registry.npmjs.org/lit/2.0.0-rc.2:
    resolution: {integrity: sha512-BOCuoJR04WaTV8UqTKk09cNcQA10Aq2LCcBOiHuF7TzWH5RNDsbCBP5QM9sLBSotGTXbDug/gFO08jq6TbyEtw==, registry: https://node.bit.dev/, tarball: https://registry.npmjs.org/lit/-/lit-2.0.0-rc.2.tgz}
    name: lit
    version: 2.0.0-rc.2
    dependencies:
      '@lit/reactive-element': registry.npmjs.org/@lit/reactive-element/1.6.1
      lit-element: registry.npmjs.org/lit-element/3.2.2
      lit-html: registry.npmjs.org/lit-html/2.6.1
    dev: false
